// !$*UTF8*$!
{
	archiveVersion = 1;
	classes = {
	};
	objectVersion = 55;
	objects = {

/* Begin PBXBuildFile section */
		C108987D26C35C0D00C941CE /* TitledInputTextFieldView.swift in Sources */ = {isa = PBXBuildFile; fileRef = C108987C26C35C0D00C941CE /* TitledInputTextFieldView.swift */; };
		C108987F26C3603200C941CE /* TitledInputPasswordFieldView.swift in Sources */ = {isa = PBXBuildFile; fileRef = C108987E26C3603200C941CE /* TitledInputPasswordFieldView.swift */; };
		C10E956726A8A242004CBEB8 /* ACherishingHeartApp.swift in Sources */ = {isa = PBXBuildFile; fileRef = C10E956626A8A242004CBEB8 /* ACherishingHeartApp.swift */; };
		C10E956926A8A242004CBEB8 /* MainView.swift in Sources */ = {isa = PBXBuildFile; fileRef = C10E956826A8A242004CBEB8 /* MainView.swift */; };
		C10E956B26A8A242004CBEB8 /* Assets.xcassets in Resources */ = {isa = PBXBuildFile; fileRef = C10E956A26A8A242004CBEB8 /* Assets.xcassets */; };
		C10E956E26A8A242004CBEB8 /* Preview Assets.xcassets in Resources */ = {isa = PBXBuildFile; fileRef = C10E956D26A8A242004CBEB8 /* Preview Assets.xcassets */; };
		C10E957826A8A242004CBEB8 /* ACherishingHeartTests.swift in Sources */ = {isa = PBXBuildFile; fileRef = C10E957726A8A242004CBEB8 /* ACherishingHeartTests.swift */; };
		C10E958226A8A242004CBEB8 /* ACherishingHeartUITests.swift in Sources */ = {isa = PBXBuildFile; fileRef = C10E958126A8A242004CBEB8 /* ACherishingHeartUITests.swift */; };
		C10E959A26A8A546004CBEB8 /* GoogleService-Info.plist in Resources */ = {isa = PBXBuildFile; fileRef = C10E959926A8A546004CBEB8 /* GoogleService-Info.plist */; };
		C10E959F26A8A946004CBEB8 /* MainPictureView.swift in Sources */ = {isa = PBXBuildFile; fileRef = C10E959E26A8A946004CBEB8 /* MainPictureView.swift */; };
		C10E95A126A8AAFA004CBEB8 /* MainTitleView.swift in Sources */ = {isa = PBXBuildFile; fileRef = C10E95A026A8AAFA004CBEB8 /* MainTitleView.swift */; };
		C10E95A426A8AC9B004CBEB8 /* MainMenuView.swift in Sources */ = {isa = PBXBuildFile; fileRef = C10E95A326A8AC9B004CBEB8 /* MainMenuView.swift */; };
		C10E95A626AA0F53004CBEB8 /* Authenticator.swift in Sources */ = {isa = PBXBuildFile; fileRef = C10E95A526AA0F53004CBEB8 /* Authenticator.swift */; };
		C10E95A826AF55CD004CBEB8 /* MainMenuBarView.swift in Sources */ = {isa = PBXBuildFile; fileRef = C10E95A726AF55CD004CBEB8 /* MainMenuBarView.swift */; };
		C10E95AC26AF5759004CBEB8 /* AccountView.swift in Sources */ = {isa = PBXBuildFile; fileRef = C10E95AB26AF5759004CBEB8 /* AccountView.swift */; };
		C10E95AF26AF59AB004CBEB8 /* Person.swift in Sources */ = {isa = PBXBuildFile; fileRef = C10E95AE26AF59AB004CBEB8 /* Person.swift */; };
		C11D4ABB26CC89CB002A7880 /* Song.swift in Sources */ = {isa = PBXBuildFile; fileRef = C11D4ABA26CC89CB002A7880 /* Song.swift */; };
		C11D4ABD26CC89DA002A7880 /* Album.swift in Sources */ = {isa = PBXBuildFile; fileRef = C11D4ABC26CC89DA002A7880 /* Album.swift */; };
		C11D4AC026CCA8A5002A7880 /* SongsView.swift in Sources */ = {isa = PBXBuildFile; fileRef = C11D4ABF26CCA8A5002A7880 /* SongsView.swift */; };
		C11D4AC226CCB3AD002A7880 /* AlbumsView.swift in Sources */ = {isa = PBXBuildFile; fileRef = C11D4AC126CCB3AD002A7880 /* AlbumsView.swift */; };
		C11F205926B0F9BA0042A6CE /* FirebaseAuth in Frameworks */ = {isa = PBXBuildFile; productRef = C11F205826B0F9BA0042A6CE /* FirebaseAuth */; };
		C11F205B26B0F9BA0042A6CE /* FirebaseFirestore in Frameworks */ = {isa = PBXBuildFile; productRef = C11F205A26B0F9BA0042A6CE /* FirebaseFirestore */; };
		C11F205D26B0F9BA0042A6CE /* FirebaseFirestoreSwift-Beta in Frameworks */ = {isa = PBXBuildFile; productRef = C11F205C26B0F9BA0042A6CE /* FirebaseFirestoreSwift-Beta */; };
		C11F205F26B0F9BA0042A6CE /* FirebaseStorage in Frameworks */ = {isa = PBXBuildFile; productRef = C11F205E26B0F9BA0042A6CE /* FirebaseStorage */; };
		C11F206126B0F9BA0042A6CE /* FirebaseStorageSwift-Beta in Frameworks */ = {isa = PBXBuildFile; productRef = C11F206026B0F9BA0042A6CE /* FirebaseStorageSwift-Beta */; };
		C123B03D26B636D600733BA3 /* WhyView.swift in Sources */ = {isa = PBXBuildFile; fileRef = C123B03C26B636D600733BA3 /* WhyView.swift */; };
		C14F10BE26B9DA3000FAEB3F /* Trimmed.swift in Sources */ = {isa = PBXBuildFile; fileRef = C14F10BD26B9DA3000FAEB3F /* Trimmed.swift */; };
		C14F10C026B9E54200FAEB3F /* AdminView.swift in Sources */ = {isa = PBXBuildFile; fileRef = C14F10BF26B9E54200FAEB3F /* AdminView.swift */; };
		C150222C26B2502F0060232C /* NavigationButtonView.swift in Sources */ = {isa = PBXBuildFile; fileRef = C150222B26B2502F0060232C /* NavigationButtonView.swift */; };
		C161A02D26BB874D005B077A /* MasterPersonView.swift in Sources */ = {isa = PBXBuildFile; fileRef = C161A02C26BB874D005B077A /* MasterPersonView.swift */; };
		C193352F26B77B60005202D1 /* DocumentSnapshot+Utils.swift in Sources */ = {isa = PBXBuildFile; fileRef = C193352E26B77B60005202D1 /* DocumentSnapshot+Utils.swift */; };
		C1A5223626B8C99600370C19 /* DebugView.swift in Sources */ = {isa = PBXBuildFile; fileRef = C1A5223526B8C99600370C19 /* DebugView.swift */; };
		C1A5223826B8DF5C00370C19 /* MasterView.swift in Sources */ = {isa = PBXBuildFile; fileRef = C1A5223726B8DF5C00370C19 /* MasterView.swift */; };
		C1A665AE26B6434C0086001C /* FirestoreService.swift in Sources */ = {isa = PBXBuildFile; fileRef = C1A665AD26B6434C0086001C /* FirestoreService.swift */; };
		C1A665B326B6460E0086001C /* Encodable+Utils.swift in Sources */ = {isa = PBXBuildFile; fileRef = C1A665B226B6460E0086001C /* Encodable+Utils.swift */; };
		C1B3F89F26B226A2007F63D2 /* SignInView.swift in Sources */ = {isa = PBXBuildFile; fileRef = C1B3F89E26B226A2007F63D2 /* SignInView.swift */; };
		C1B3F8A226B22711007F63D2 /* InputTextFieldView.swift in Sources */ = {isa = PBXBuildFile; fileRef = C1B3F8A126B22711007F63D2 /* InputTextFieldView.swift */; };
		C1B3F8A426B227C7007F63D2 /* PreviewLayoutComponentModifier.swift in Sources */ = {isa = PBXBuildFile; fileRef = C1B3F8A326B227C7007F63D2 /* PreviewLayoutComponentModifier.swift */; };
		C1B3F8A626B2281F007F63D2 /* InputPasswordFieldView.swift in Sources */ = {isa = PBXBuildFile; fileRef = C1B3F8A526B2281F007F63D2 /* InputPasswordFieldView.swift */; };
		C1B3F8A826B22910007F63D2 /* ButtonView.swift in Sources */ = {isa = PBXBuildFile; fileRef = C1B3F8A726B22910007F63D2 /* ButtonView.swift */; };
		C1B3F8AA26B22B75007F63D2 /* ForgotPasswordView.swift in Sources */ = {isa = PBXBuildFile; fileRef = C1B3F8A926B22B75007F63D2 /* ForgotPasswordView.swift */; };
		C1B3F8AC26B22C2F007F63D2 /* SignUpView.swift in Sources */ = {isa = PBXBuildFile; fileRef = C1B3F8AB26B22C2F007F63D2 /* SignUpView.swift */; };
		C1BCB74B26CB310700465BD6 /* StorageService.swift in Sources */ = {isa = PBXBuildFile; fileRef = C1BCB74A26CB310700465BD6 /* StorageService.swift */; };
		C1BCB74D26CB3AED00465BD6 /* MediaView.swift in Sources */ = {isa = PBXBuildFile; fileRef = C1BCB74C26CB3AED00465BD6 /* MediaView.swift */; };
		C1BCB74F26CB472F00465BD6 /* Entry.swift in Sources */ = {isa = PBXBuildFile; fileRef = C1BCB74E26CB472F00465BD6 /* Entry.swift */; };
		C1D3984326B3834C006BEE2D /* AuthService.swift in Sources */ = {isa = PBXBuildFile; fileRef = C1D3984226B3834C006BEE2D /* AuthService.swift */; };
/* End PBXBuildFile section */

/* Begin PBXContainerItemProxy section */
		C10E957426A8A242004CBEB8 /* PBXContainerItemProxy */ = {
			isa = PBXContainerItemProxy;
			containerPortal = C10E955B26A8A242004CBEB8 /* Project object */;
			proxyType = 1;
			remoteGlobalIDString = C10E956226A8A242004CBEB8;
			remoteInfo = ACherishingHeart;
		};
		C10E957E26A8A242004CBEB8 /* PBXContainerItemProxy */ = {
			isa = PBXContainerItemProxy;
			containerPortal = C10E955B26A8A242004CBEB8 /* Project object */;
			proxyType = 1;
			remoteGlobalIDString = C10E956226A8A242004CBEB8;
			remoteInfo = ACherishingHeart;
		};
/* End PBXContainerItemProxy section */

/* Begin PBXFileReference section */
		C108987C26C35C0D00C941CE /* TitledInputTextFieldView.swift */ = {isa = PBXFileReference; lastKnownFileType = sourcecode.swift; path = TitledInputTextFieldView.swift; sourceTree = "<group>"; };
		C108987E26C3603200C941CE /* TitledInputPasswordFieldView.swift */ = {isa = PBXFileReference; lastKnownFileType = sourcecode.swift; path = TitledInputPasswordFieldView.swift; sourceTree = "<group>"; };
		C10E956326A8A242004CBEB8 /* ACherishingHeart.app */ = {isa = PBXFileReference; explicitFileType = wrapper.application; includeInIndex = 0; path = ACherishingHeart.app; sourceTree = BUILT_PRODUCTS_DIR; };
		C10E956626A8A242004CBEB8 /* ACherishingHeartApp.swift */ = {isa = PBXFileReference; lastKnownFileType = sourcecode.swift; path = ACherishingHeartApp.swift; sourceTree = "<group>"; };
		C10E956826A8A242004CBEB8 /* MainView.swift */ = {isa = PBXFileReference; lastKnownFileType = sourcecode.swift; path = MainView.swift; sourceTree = "<group>"; };
		C10E956A26A8A242004CBEB8 /* Assets.xcassets */ = {isa = PBXFileReference; lastKnownFileType = folder.assetcatalog; path = Assets.xcassets; sourceTree = "<group>"; };
		C10E956D26A8A242004CBEB8 /* Preview Assets.xcassets */ = {isa = PBXFileReference; lastKnownFileType = folder.assetcatalog; path = "Preview Assets.xcassets"; sourceTree = "<group>"; };
		C10E957326A8A242004CBEB8 /* ACherishingHeartTests.xctest */ = {isa = PBXFileReference; explicitFileType = wrapper.cfbundle; includeInIndex = 0; path = ACherishingHeartTests.xctest; sourceTree = BUILT_PRODUCTS_DIR; };
		C10E957726A8A242004CBEB8 /* ACherishingHeartTests.swift */ = {isa = PBXFileReference; lastKnownFileType = sourcecode.swift; path = ACherishingHeartTests.swift; sourceTree = "<group>"; };
		C10E957D26A8A242004CBEB8 /* ACherishingHeartUITests.xctest */ = {isa = PBXFileReference; explicitFileType = wrapper.cfbundle; includeInIndex = 0; path = ACherishingHeartUITests.xctest; sourceTree = BUILT_PRODUCTS_DIR; };
		C10E958126A8A242004CBEB8 /* ACherishingHeartUITests.swift */ = {isa = PBXFileReference; lastKnownFileType = sourcecode.swift; path = ACherishingHeartUITests.swift; sourceTree = "<group>"; };
		C10E959926A8A546004CBEB8 /* GoogleService-Info.plist */ = {isa = PBXFileReference; fileEncoding = 4; lastKnownFileType = text.plist.xml; path = "GoogleService-Info.plist"; sourceTree = "<group>"; };
		C10E959E26A8A946004CBEB8 /* MainPictureView.swift */ = {isa = PBXFileReference; lastKnownFileType = sourcecode.swift; path = MainPictureView.swift; sourceTree = "<group>"; };
		C10E95A026A8AAFA004CBEB8 /* MainTitleView.swift */ = {isa = PBXFileReference; lastKnownFileType = sourcecode.swift; path = MainTitleView.swift; sourceTree = "<group>"; };
		C10E95A326A8AC9B004CBEB8 /* MainMenuView.swift */ = {isa = PBXFileReference; lastKnownFileType = sourcecode.swift; path = MainMenuView.swift; sourceTree = "<group>"; };
		C10E95A526AA0F53004CBEB8 /* Authenticator.swift */ = {isa = PBXFileReference; lastKnownFileType = sourcecode.swift; path = Authenticator.swift; sourceTree = "<group>"; };
		C10E95A726AF55CD004CBEB8 /* MainMenuBarView.swift */ = {isa = PBXFileReference; lastKnownFileType = sourcecode.swift; path = MainMenuBarView.swift; sourceTree = "<group>"; };
		C10E95AB26AF5759004CBEB8 /* AccountView.swift */ = {isa = PBXFileReference; lastKnownFileType = sourcecode.swift; path = AccountView.swift; sourceTree = "<group>"; };
		C10E95AE26AF59AB004CBEB8 /* Person.swift */ = {isa = PBXFileReference; lastKnownFileType = sourcecode.swift; path = Person.swift; sourceTree = "<group>"; };
		C11D4ABA26CC89CB002A7880 /* Song.swift */ = {isa = PBXFileReference; lastKnownFileType = sourcecode.swift; path = Song.swift; sourceTree = "<group>"; };
		C11D4ABC26CC89DA002A7880 /* Album.swift */ = {isa = PBXFileReference; lastKnownFileType = sourcecode.swift; path = Album.swift; sourceTree = "<group>"; };
		C11D4ABF26CCA8A5002A7880 /* SongsView.swift */ = {isa = PBXFileReference; lastKnownFileType = sourcecode.swift; path = SongsView.swift; sourceTree = "<group>"; };
		C11D4AC126CCB3AD002A7880 /* AlbumsView.swift */ = {isa = PBXFileReference; lastKnownFileType = sourcecode.swift; path = AlbumsView.swift; sourceTree = "<group>"; };
		C123B03C26B636D600733BA3 /* WhyView.swift */ = {isa = PBXFileReference; lastKnownFileType = sourcecode.swift; path = WhyView.swift; sourceTree = "<group>"; };
		C14F10BD26B9DA3000FAEB3F /* Trimmed.swift */ = {isa = PBXFileReference; lastKnownFileType = sourcecode.swift; path = Trimmed.swift; sourceTree = "<group>"; };
		C14F10BF26B9E54200FAEB3F /* AdminView.swift */ = {isa = PBXFileReference; lastKnownFileType = sourcecode.swift; path = AdminView.swift; sourceTree = "<group>"; };
		C150222B26B2502F0060232C /* NavigationButtonView.swift */ = {isa = PBXFileReference; lastKnownFileType = sourcecode.swift; path = NavigationButtonView.swift; sourceTree = "<group>"; };
		C161A02C26BB874D005B077A /* MasterPersonView.swift */ = {isa = PBXFileReference; lastKnownFileType = sourcecode.swift; path = MasterPersonView.swift; sourceTree = "<group>"; };
		C193352E26B77B60005202D1 /* DocumentSnapshot+Utils.swift */ = {isa = PBXFileReference; lastKnownFileType = sourcecode.swift; path = "DocumentSnapshot+Utils.swift"; sourceTree = "<group>"; };
		C1A5223526B8C99600370C19 /* DebugView.swift */ = {isa = PBXFileReference; lastKnownFileType = sourcecode.swift; path = DebugView.swift; sourceTree = "<group>"; };
		C1A5223726B8DF5C00370C19 /* MasterView.swift */ = {isa = PBXFileReference; lastKnownFileType = sourcecode.swift; path = MasterView.swift; sourceTree = "<group>"; };
		C1A665AD26B6434C0086001C /* FirestoreService.swift */ = {isa = PBXFileReference; lastKnownFileType = sourcecode.swift; path = FirestoreService.swift; sourceTree = "<group>"; };
		C1A665B226B6460E0086001C /* Encodable+Utils.swift */ = {isa = PBXFileReference; lastKnownFileType = sourcecode.swift; path = "Encodable+Utils.swift"; sourceTree = "<group>"; };
		C1B3F89E26B226A2007F63D2 /* SignInView.swift */ = {isa = PBXFileReference; lastKnownFileType = sourcecode.swift; path = SignInView.swift; sourceTree = "<group>"; };
		C1B3F8A126B22711007F63D2 /* InputTextFieldView.swift */ = {isa = PBXFileReference; lastKnownFileType = sourcecode.swift; path = InputTextFieldView.swift; sourceTree = "<group>"; };
		C1B3F8A326B227C7007F63D2 /* PreviewLayoutComponentModifier.swift */ = {isa = PBXFileReference; lastKnownFileType = sourcecode.swift; path = PreviewLayoutComponentModifier.swift; sourceTree = "<group>"; };
		C1B3F8A526B2281F007F63D2 /* InputPasswordFieldView.swift */ = {isa = PBXFileReference; lastKnownFileType = sourcecode.swift; path = InputPasswordFieldView.swift; sourceTree = "<group>"; };
		C1B3F8A726B22910007F63D2 /* ButtonView.swift */ = {isa = PBXFileReference; lastKnownFileType = sourcecode.swift; path = ButtonView.swift; sourceTree = "<group>"; };
		C1B3F8A926B22B75007F63D2 /* ForgotPasswordView.swift */ = {isa = PBXFileReference; lastKnownFileType = sourcecode.swift; path = ForgotPasswordView.swift; sourceTree = "<group>"; };
		C1B3F8AB26B22C2F007F63D2 /* SignUpView.swift */ = {isa = PBXFileReference; lastKnownFileType = sourcecode.swift; path = SignUpView.swift; sourceTree = "<group>"; };
		C1BCB74A26CB310700465BD6 /* StorageService.swift */ = {isa = PBXFileReference; lastKnownFileType = sourcecode.swift; path = StorageService.swift; sourceTree = "<group>"; };
		C1BCB74C26CB3AED00465BD6 /* MediaView.swift */ = {isa = PBXFileReference; lastKnownFileType = sourcecode.swift; path = MediaView.swift; sourceTree = "<group>"; };
		C1BCB74E26CB472F00465BD6 /* Entry.swift */ = {isa = PBXFileReference; lastKnownFileType = sourcecode.swift; path = Entry.swift; sourceTree = "<group>"; };
		C1D3984226B3834C006BEE2D /* AuthService.swift */ = {isa = PBXFileReference; lastKnownFileType = sourcecode.swift; path = AuthService.swift; sourceTree = "<group>"; };
/* End PBXFileReference section */

/* Begin PBXFrameworksBuildPhase section */
		C10E956026A8A242004CBEB8 /* Frameworks */ = {
			isa = PBXFrameworksBuildPhase;
			buildActionMask = 2147483647;
			files = (
				C11F206126B0F9BA0042A6CE /* FirebaseStorageSwift-Beta in Frameworks */,
				C11F205D26B0F9BA0042A6CE /* FirebaseFirestoreSwift-Beta in Frameworks */,
				C11F205F26B0F9BA0042A6CE /* FirebaseStorage in Frameworks */,
				C11F205926B0F9BA0042A6CE /* FirebaseAuth in Frameworks */,
				C11F205B26B0F9BA0042A6CE /* FirebaseFirestore in Frameworks */,
			);
			runOnlyForDeploymentPostprocessing = 0;
		};
		C10E957026A8A242004CBEB8 /* Frameworks */ = {
			isa = PBXFrameworksBuildPhase;
			buildActionMask = 2147483647;
			files = (
			);
			runOnlyForDeploymentPostprocessing = 0;
		};
		C10E957A26A8A242004CBEB8 /* Frameworks */ = {
			isa = PBXFrameworksBuildPhase;
			buildActionMask = 2147483647;
			files = (
			);
			runOnlyForDeploymentPostprocessing = 0;
		};
/* End PBXFrameworksBuildPhase section */

/* Begin PBXGroup section */
		C10E955A26A8A242004CBEB8 = {
			isa = PBXGroup;
			children = (
				C10E959926A8A546004CBEB8 /* GoogleService-Info.plist */,
				C10E956526A8A242004CBEB8 /* ACherishingHeart */,
				C10E957626A8A242004CBEB8 /* ACherishingHeartTests */,
				C10E958026A8A242004CBEB8 /* ACherishingHeartUITests */,
				C10E956426A8A242004CBEB8 /* Products */,
			);
			sourceTree = "<group>";
		};
		C10E956426A8A242004CBEB8 /* Products */ = {
			isa = PBXGroup;
			children = (
				C10E956326A8A242004CBEB8 /* ACherishingHeart.app */,
				C10E957326A8A242004CBEB8 /* ACherishingHeartTests.xctest */,
				C10E957D26A8A242004CBEB8 /* ACherishingHeartUITests.xctest */,
			);
			name = Products;
			sourceTree = "<group>";
		};
		C10E956526A8A242004CBEB8 /* ACherishingHeart */ = {
			isa = PBXGroup;
			children = (
				C10E95AD26AF5988004CBEB8 /* Entities */,
				C10E959B26A8A5EC004CBEB8 /* Infrastrucutre */,
				C10E959C26A8A8F4004CBEB8 /* Views */,
			);
			path = ACherishingHeart;
			sourceTree = "<group>";
		};
		C10E956C26A8A242004CBEB8 /* Preview Content */ = {
			isa = PBXGroup;
			children = (
				C10E956D26A8A242004CBEB8 /* Preview Assets.xcassets */,
			);
			path = "Preview Content";
			sourceTree = "<group>";
		};
		C10E957626A8A242004CBEB8 /* ACherishingHeartTests */ = {
			isa = PBXGroup;
			children = (
				C10E957726A8A242004CBEB8 /* ACherishingHeartTests.swift */,
			);
			path = ACherishingHeartTests;
			sourceTree = "<group>";
		};
		C10E958026A8A242004CBEB8 /* ACherishingHeartUITests */ = {
			isa = PBXGroup;
			children = (
				C10E958126A8A242004CBEB8 /* ACherishingHeartUITests.swift */,
			);
			path = ACherishingHeartUITests;
			sourceTree = "<group>";
		};
		C10E959B26A8A5EC004CBEB8 /* Infrastrucutre */ = {
			isa = PBXGroup;
			children = (
				C10E956626A8A242004CBEB8 /* ACherishingHeartApp.swift */,
				C10E956A26A8A242004CBEB8 /* Assets.xcassets */,
				C1A665B126B645F50086001C /* Extensions */,
				C1B3F8A026B226FB007F63D2 /* Parts */,
				C10E956C26A8A242004CBEB8 /* Preview Content */,
				C14F10BC26B9DA1800FAEB3F /* PropertyWrappers */,
				C1D3984126B38335006BEE2D /* Services */,
			);
			name = Infrastrucutre;
			sourceTree = "<group>";
		};
		C10E959C26A8A8F4004CBEB8 /* Views */ = {
			isa = PBXGroup;
			children = (
				C10E95AB26AF5759004CBEB8 /* AccountView.swift */,
				C14F10BF26B9E54200FAEB3F /* AdminView.swift */,
				C1A5223526B8C99600370C19 /* DebugView.swift */,
				C1B3F8A926B22B75007F63D2 /* ForgotPasswordView.swift */,
				C10E959D26A8A904004CBEB8 /* Main */,
				C17B7B1526BAD9C60099A5D4 /* Master */,
				C1BCB74C26CB3AED00465BD6 /* MediaView.swift */,
				C11D4ABE26CCA88D002A7880 /* Music */,
				C1B3F89E26B226A2007F63D2 /* SignInView.swift */,
				C1B3F8AB26B22C2F007F63D2 /* SignUpView.swift */,
				C123B03C26B636D600733BA3 /* WhyView.swift */,
			);
			name = Views;
			sourceTree = "<group>";
		};
		C10E959D26A8A904004CBEB8 /* Main */ = {
			isa = PBXGroup;
			children = (
				C10E95A726AF55CD004CBEB8 /* MainMenuBarView.swift */,
				C10E95A326A8AC9B004CBEB8 /* MainMenuView.swift */,
				C10E959E26A8A946004CBEB8 /* MainPictureView.swift */,
				C10E95A026A8AAFA004CBEB8 /* MainTitleView.swift */,
				C10E956826A8A242004CBEB8 /* MainView.swift */,
			);
			name = Main;
			sourceTree = "<group>";
		};
		C10E95AD26AF5988004CBEB8 /* Entities */ = {
			isa = PBXGroup;
			children = (
				C11D4ABC26CC89DA002A7880 /* Album.swift */,
				C1BCB74E26CB472F00465BD6 /* Entry.swift */,
				C10E95AE26AF59AB004CBEB8 /* Person.swift */,
				C11D4ABA26CC89CB002A7880 /* Song.swift */,
			);
			name = Entities;
			sourceTree = "<group>";
		};
		C11D4ABE26CCA88D002A7880 /* Music */ = {
			isa = PBXGroup;
			children = (
				C11D4AC126CCB3AD002A7880 /* AlbumsView.swift */,
				C11D4ABF26CCA8A5002A7880 /* SongsView.swift */,
			);
			name = Music;
			sourceTree = "<group>";
		};
		C14F10BC26B9DA1800FAEB3F /* PropertyWrappers */ = {
			isa = PBXGroup;
			children = (
				C14F10BD26B9DA3000FAEB3F /* Trimmed.swift */,
			);
			name = PropertyWrappers;
			sourceTree = "<group>";
		};
		C17B7B1526BAD9C60099A5D4 /* Master */ = {
			isa = PBXGroup;
			children = (
				C161A02C26BB874D005B077A /* MasterPersonView.swift */,
				C1A5223726B8DF5C00370C19 /* MasterView.swift */,
			);
			name = Master;
			sourceTree = "<group>";
		};
		C1A665B126B645F50086001C /* Extensions */ = {
			isa = PBXGroup;
			children = (
				C1A665B226B6460E0086001C /* Encodable+Utils.swift */,
				C193352E26B77B60005202D1 /* DocumentSnapshot+Utils.swift */,
			);
			name = Extensions;
			sourceTree = "<group>";
		};
		C1B3F8A026B226FB007F63D2 /* Parts */ = {
			isa = PBXGroup;
			children = (
				C10E95A526AA0F53004CBEB8 /* Authenticator.swift */,
				C1B3F8A726B22910007F63D2 /* ButtonView.swift */,
				C1B3F8A526B2281F007F63D2 /* InputPasswordFieldView.swift */,
				C1B3F8A126B22711007F63D2 /* InputTextFieldView.swift */,
				C150222B26B2502F0060232C /* NavigationButtonView.swift */,
				C1B3F8A326B227C7007F63D2 /* PreviewLayoutComponentModifier.swift */,
				C108987E26C3603200C941CE /* TitledInputPasswordFieldView.swift */,
				C108987C26C35C0D00C941CE /* TitledInputTextFieldView.swift */,
			);
			name = Parts;
			sourceTree = "<group>";
		};
		C1D3984126B38335006BEE2D /* Services */ = {
			isa = PBXGroup;
			children = (
				C1D3984226B3834C006BEE2D /* AuthService.swift */,
				C1A665AD26B6434C0086001C /* FirestoreService.swift */,
				C1BCB74A26CB310700465BD6 /* StorageService.swift */,
			);
			name = Services;
			sourceTree = "<group>";
		};
/* End PBXGroup section */

/* Begin PBXNativeTarget section */
		C10E956226A8A242004CBEB8 /* ACherishingHeart */ = {
			isa = PBXNativeTarget;
			buildConfigurationList = C10E958526A8A242004CBEB8 /* Build configuration list for PBXNativeTarget "ACherishingHeart" */;
			buildPhases = (
				C10E955F26A8A242004CBEB8 /* Sources */,
				C10E956026A8A242004CBEB8 /* Frameworks */,
				C10E956126A8A242004CBEB8 /* Resources */,
			);
			buildRules = (
			);
			dependencies = (
			);
			name = ACherishingHeart;
			packageProductDependencies = (
				C11F205826B0F9BA0042A6CE /* FirebaseAuth */,
				C11F205A26B0F9BA0042A6CE /* FirebaseFirestore */,
				C11F205C26B0F9BA0042A6CE /* FirebaseFirestoreSwift-Beta */,
				C11F205E26B0F9BA0042A6CE /* FirebaseStorage */,
				C11F206026B0F9BA0042A6CE /* FirebaseStorageSwift-Beta */,
			);
			productName = ACherishingHeart;
			productReference = C10E956326A8A242004CBEB8 /* ACherishingHeart.app */;
			productType = "com.apple.product-type.application";
		};
		C10E957226A8A242004CBEB8 /* ACherishingHeartTests */ = {
			isa = PBXNativeTarget;
			buildConfigurationList = C10E958826A8A242004CBEB8 /* Build configuration list for PBXNativeTarget "ACherishingHeartTests" */;
			buildPhases = (
				C10E956F26A8A242004CBEB8 /* Sources */,
				C10E957026A8A242004CBEB8 /* Frameworks */,
				C10E957126A8A242004CBEB8 /* Resources */,
			);
			buildRules = (
			);
			dependencies = (
				C10E957526A8A242004CBEB8 /* PBXTargetDependency */,
			);
			name = ACherishingHeartTests;
			productName = ACherishingHeartTests;
			productReference = C10E957326A8A242004CBEB8 /* ACherishingHeartTests.xctest */;
			productType = "com.apple.product-type.bundle.unit-test";
		};
		C10E957C26A8A242004CBEB8 /* ACherishingHeartUITests */ = {
			isa = PBXNativeTarget;
			buildConfigurationList = C10E958B26A8A242004CBEB8 /* Build configuration list for PBXNativeTarget "ACherishingHeartUITests" */;
			buildPhases = (
				C10E957926A8A242004CBEB8 /* Sources */,
				C10E957A26A8A242004CBEB8 /* Frameworks */,
				C10E957B26A8A242004CBEB8 /* Resources */,
			);
			buildRules = (
			);
			dependencies = (
				C10E957F26A8A242004CBEB8 /* PBXTargetDependency */,
			);
			name = ACherishingHeartUITests;
			productName = ACherishingHeartUITests;
			productReference = C10E957D26A8A242004CBEB8 /* ACherishingHeartUITests.xctest */;
			productType = "com.apple.product-type.bundle.ui-testing";
		};
/* End PBXNativeTarget section */

/* Begin PBXProject section */
		C10E955B26A8A242004CBEB8 /* Project object */ = {
			isa = PBXProject;
			attributes = {
				BuildIndependentTargetsInParallel = 1;
				LastSwiftUpdateCheck = 1300;
				LastUpgradeCheck = 1300;
				TargetAttributes = {
					C10E956226A8A242004CBEB8 = {
						CreatedOnToolsVersion = 13.0;
					};
					C10E957226A8A242004CBEB8 = {
						CreatedOnToolsVersion = 13.0;
						TestTargetID = C10E956226A8A242004CBEB8;
					};
					C10E957C26A8A242004CBEB8 = {
						CreatedOnToolsVersion = 13.0;
						TestTargetID = C10E956226A8A242004CBEB8;
					};
				};
			};
			buildConfigurationList = C10E955E26A8A242004CBEB8 /* Build configuration list for PBXProject "ACherishingHeart" */;
			compatibilityVersion = "Xcode 13.0";
			developmentRegion = en;
			hasScannedForEncodings = 0;
			knownRegions = (
				en,
				Base,
			);
			mainGroup = C10E955A26A8A242004CBEB8;
			packageReferences = (
				C11F205726B0F9BA0042A6CE /* XCRemoteSwiftPackageReference "firebase-ios-sdk" */,
			);
			productRefGroup = C10E956426A8A242004CBEB8 /* Products */;
			projectDirPath = "";
			projectRoot = "";
			targets = (
				C10E956226A8A242004CBEB8 /* ACherishingHeart */,
				C10E957226A8A242004CBEB8 /* ACherishingHeartTests */,
				C10E957C26A8A242004CBEB8 /* ACherishingHeartUITests */,
			);
		};
/* End PBXProject section */

/* Begin PBXResourcesBuildPhase section */
		C10E956126A8A242004CBEB8 /* Resources */ = {
			isa = PBXResourcesBuildPhase;
			buildActionMask = 2147483647;
			files = (
				C10E956E26A8A242004CBEB8 /* Preview Assets.xcassets in Resources */,
				C10E956B26A8A242004CBEB8 /* Assets.xcassets in Resources */,
				C10E959A26A8A546004CBEB8 /* GoogleService-Info.plist in Resources */,
			);
			runOnlyForDeploymentPostprocessing = 0;
		};
		C10E957126A8A242004CBEB8 /* Resources */ = {
			isa = PBXResourcesBuildPhase;
			buildActionMask = 2147483647;
			files = (
			);
			runOnlyForDeploymentPostprocessing = 0;
		};
		C10E957B26A8A242004CBEB8 /* Resources */ = {
			isa = PBXResourcesBuildPhase;
			buildActionMask = 2147483647;
			files = (
			);
			runOnlyForDeploymentPostprocessing = 0;
		};
/* End PBXResourcesBuildPhase section */

/* Begin PBXSourcesBuildPhase section */
		C10E955F26A8A242004CBEB8 /* Sources */ = {
			isa = PBXSourcesBuildPhase;
			buildActionMask = 2147483647;
			files = (
				C10E95AF26AF59AB004CBEB8 /* Person.swift in Sources */,
				C1B3F8A626B2281F007F63D2 /* InputPasswordFieldView.swift in Sources */,
				C11D4AC226CCB3AD002A7880 /* AlbumsView.swift in Sources */,
				C1B3F8AA26B22B75007F63D2 /* ForgotPasswordView.swift in Sources */,
				C11D4ABD26CC89DA002A7880 /* Album.swift in Sources */,
				C1B3F8A826B22910007F63D2 /* ButtonView.swift in Sources */,
				C1D3984326B3834C006BEE2D /* AuthService.swift in Sources */,
				C108987F26C3603200C941CE /* TitledInputPasswordFieldView.swift in Sources */,
				C10E95A426A8AC9B004CBEB8 /* MainMenuView.swift in Sources */,
				C10E95A126A8AAFA004CBEB8 /* MainTitleView.swift in Sources */,
				C10E95A826AF55CD004CBEB8 /* MainMenuBarView.swift in Sources */,
				C123B03D26B636D600733BA3 /* WhyView.swift in Sources */,
				C1B3F8A426B227C7007F63D2 /* PreviewLayoutComponentModifier.swift in Sources */,
				C1A665AE26B6434C0086001C /* FirestoreService.swift in Sources */,
				C193352F26B77B60005202D1 /* DocumentSnapshot+Utils.swift in Sources */,
				C14F10C026B9E54200FAEB3F /* AdminView.swift in Sources */,
				C1A5223826B8DF5C00370C19 /* MasterView.swift in Sources */,
				C10E956926A8A242004CBEB8 /* MainView.swift in Sources */,
				C150222C26B2502F0060232C /* NavigationButtonView.swift in Sources */,
				C10E959F26A8A946004CBEB8 /* MainPictureView.swift in Sources */,
				C10E95AC26AF5759004CBEB8 /* AccountView.swift in Sources */,
				C1B3F8AC26B22C2F007F63D2 /* SignUpView.swift in Sources */,
				C14F10BE26B9DA3000FAEB3F /* Trimmed.swift in Sources */,
				C10E956726A8A242004CBEB8 /* ACherishingHeartApp.swift in Sources */,
				C108987D26C35C0D00C941CE /* TitledInputTextFieldView.swift in Sources */,
				C1A665B326B6460E0086001C /* Encodable+Utils.swift in Sources */,
				C161A02D26BB874D005B077A /* MasterPersonView.swift in Sources */,
				C1BCB74D26CB3AED00465BD6 /* MediaView.swift in Sources */,
				C1BCB74B26CB310700465BD6 /* StorageService.swift in Sources */,
				C11D4AC026CCA8A5002A7880 /* SongsView.swift in Sources */,
				C11D4ABB26CC89CB002A7880 /* Song.swift in Sources */,
				C1B3F89F26B226A2007F63D2 /* SignInView.swift in Sources */,
				C1BCB74F26CB472F00465BD6 /* Entry.swift in Sources */,
				C1A5223626B8C99600370C19 /* DebugView.swift in Sources */,
				C10E95A626AA0F53004CBEB8 /* Authenticator.swift in Sources */,
				C1B3F8A226B22711007F63D2 /* InputTextFieldView.swift in Sources */,
			);
			runOnlyForDeploymentPostprocessing = 0;
		};
		C10E956F26A8A242004CBEB8 /* Sources */ = {
			isa = PBXSourcesBuildPhase;
			buildActionMask = 2147483647;
			files = (
				C10E957826A8A242004CBEB8 /* ACherishingHeartTests.swift in Sources */,
			);
			runOnlyForDeploymentPostprocessing = 0;
		};
		C10E957926A8A242004CBEB8 /* Sources */ = {
			isa = PBXSourcesBuildPhase;
			buildActionMask = 2147483647;
			files = (
				C10E958226A8A242004CBEB8 /* ACherishingHeartUITests.swift in Sources */,
			);
			runOnlyForDeploymentPostprocessing = 0;
		};
/* End PBXSourcesBuildPhase section */

/* Begin PBXTargetDependency section */
		C10E957526A8A242004CBEB8 /* PBXTargetDependency */ = {
			isa = PBXTargetDependency;
			target = C10E956226A8A242004CBEB8 /* ACherishingHeart */;
			targetProxy = C10E957426A8A242004CBEB8 /* PBXContainerItemProxy */;
		};
		C10E957F26A8A242004CBEB8 /* PBXTargetDependency */ = {
			isa = PBXTargetDependency;
			target = C10E956226A8A242004CBEB8 /* ACherishingHeart */;
			targetProxy = C10E957E26A8A242004CBEB8 /* PBXContainerItemProxy */;
		};
/* End PBXTargetDependency section */

/* Begin XCBuildConfiguration section */
		C10E958326A8A242004CBEB8 /* Debug */ = {
			isa = XCBuildConfiguration;
			buildSettings = {
				ALWAYS_SEARCH_USER_PATHS = NO;
				CLANG_ANALYZER_NONNULL = YES;
				CLANG_ANALYZER_NUMBER_OBJECT_CONVERSION = YES_AGGRESSIVE;
				CLANG_CXX_LANGUAGE_STANDARD = "gnu++17";
				CLANG_CXX_LIBRARY = "libc++";
				CLANG_ENABLE_MODULES = YES;
				CLANG_ENABLE_OBJC_ARC = YES;
				CLANG_ENABLE_OBJC_WEAK = YES;
				CLANG_WARN_BLOCK_CAPTURE_AUTORELEASING = YES;
				CLANG_WARN_BOOL_CONVERSION = YES;
				CLANG_WARN_COMMA = YES;
				CLANG_WARN_CONSTANT_CONVERSION = YES;
				CLANG_WARN_DEPRECATED_OBJC_IMPLEMENTATIONS = YES;
				CLANG_WARN_DIRECT_OBJC_ISA_USAGE = YES_ERROR;
				CLANG_WARN_DOCUMENTATION_COMMENTS = YES;
				CLANG_WARN_EMPTY_BODY = YES;
				CLANG_WARN_ENUM_CONVERSION = YES;
				CLANG_WARN_INFINITE_RECURSION = YES;
				CLANG_WARN_INT_CONVERSION = YES;
				CLANG_WARN_NON_LITERAL_NULL_CONVERSION = YES;
				CLANG_WARN_OBJC_IMPLICIT_RETAIN_SELF = YES;
				CLANG_WARN_OBJC_LITERAL_CONVERSION = YES;
				CLANG_WARN_OBJC_ROOT_CLASS = YES_ERROR;
				CLANG_WARN_QUOTED_INCLUDE_IN_FRAMEWORK_HEADER = YES;
				CLANG_WARN_RANGE_LOOP_ANALYSIS = YES;
				CLANG_WARN_STRICT_PROTOTYPES = YES;
				CLANG_WARN_SUSPICIOUS_MOVE = YES;
				CLANG_WARN_UNGUARDED_AVAILABILITY = YES_AGGRESSIVE;
				CLANG_WARN_UNREACHABLE_CODE = YES;
				CLANG_WARN__DUPLICATE_METHOD_MATCH = YES;
				COPY_PHASE_STRIP = NO;
				DEBUG_INFORMATION_FORMAT = dwarf;
				ENABLE_STRICT_OBJC_MSGSEND = YES;
				ENABLE_TESTABILITY = YES;
				GCC_C_LANGUAGE_STANDARD = gnu11;
				GCC_DYNAMIC_NO_PIC = NO;
				GCC_NO_COMMON_BLOCKS = YES;
				GCC_OPTIMIZATION_LEVEL = 0;
				GCC_PREPROCESSOR_DEFINITIONS = (
					"DEBUG=1",
					"$(inherited)",
				);
				GCC_WARN_64_TO_32_BIT_CONVERSION = YES;
				GCC_WARN_ABOUT_RETURN_TYPE = YES_ERROR;
				GCC_WARN_UNDECLARED_SELECTOR = YES;
				GCC_WARN_UNINITIALIZED_AUTOS = YES_AGGRESSIVE;
				GCC_WARN_UNUSED_FUNCTION = YES;
				GCC_WARN_UNUSED_VARIABLE = YES;
				IPHONEOS_DEPLOYMENT_TARGET = 15.0;
				MTL_ENABLE_DEBUG_INFO = INCLUDE_SOURCE;
				MTL_FAST_MATH = YES;
				ONLY_ACTIVE_ARCH = YES;
				SDKROOT = iphoneos;
				SWIFT_ACTIVE_COMPILATION_CONDITIONS = DEBUG;
				SWIFT_OPTIMIZATION_LEVEL = "-Onone";
			};
			name = Debug;
		};
		C10E958426A8A242004CBEB8 /* Release */ = {
			isa = XCBuildConfiguration;
			buildSettings = {
				ALWAYS_SEARCH_USER_PATHS = NO;
				CLANG_ANALYZER_NONNULL = YES;
				CLANG_ANALYZER_NUMBER_OBJECT_CONVERSION = YES_AGGRESSIVE;
				CLANG_CXX_LANGUAGE_STANDARD = "gnu++17";
				CLANG_CXX_LIBRARY = "libc++";
				CLANG_ENABLE_MODULES = YES;
				CLANG_ENABLE_OBJC_ARC = YES;
				CLANG_ENABLE_OBJC_WEAK = YES;
				CLANG_WARN_BLOCK_CAPTURE_AUTORELEASING = YES;
				CLANG_WARN_BOOL_CONVERSION = YES;
				CLANG_WARN_COMMA = YES;
				CLANG_WARN_CONSTANT_CONVERSION = YES;
				CLANG_WARN_DEPRECATED_OBJC_IMPLEMENTATIONS = YES;
				CLANG_WARN_DIRECT_OBJC_ISA_USAGE = YES_ERROR;
				CLANG_WARN_DOCUMENTATION_COMMENTS = YES;
				CLANG_WARN_EMPTY_BODY = YES;
				CLANG_WARN_ENUM_CONVERSION = YES;
				CLANG_WARN_INFINITE_RECURSION = YES;
				CLANG_WARN_INT_CONVERSION = YES;
				CLANG_WARN_NON_LITERAL_NULL_CONVERSION = YES;
				CLANG_WARN_OBJC_IMPLICIT_RETAIN_SELF = YES;
				CLANG_WARN_OBJC_LITERAL_CONVERSION = YES;
				CLANG_WARN_OBJC_ROOT_CLASS = YES_ERROR;
				CLANG_WARN_QUOTED_INCLUDE_IN_FRAMEWORK_HEADER = YES;
				CLANG_WARN_RANGE_LOOP_ANALYSIS = YES;
				CLANG_WARN_STRICT_PROTOTYPES = YES;
				CLANG_WARN_SUSPICIOUS_MOVE = YES;
				CLANG_WARN_UNGUARDED_AVAILABILITY = YES_AGGRESSIVE;
				CLANG_WARN_UNREACHABLE_CODE = YES;
				CLANG_WARN__DUPLICATE_METHOD_MATCH = YES;
				COPY_PHASE_STRIP = NO;
				DEBUG_INFORMATION_FORMAT = "dwarf-with-dsym";
				ENABLE_NS_ASSERTIONS = NO;
				ENABLE_STRICT_OBJC_MSGSEND = YES;
				GCC_C_LANGUAGE_STANDARD = gnu11;
				GCC_NO_COMMON_BLOCKS = YES;
				GCC_WARN_64_TO_32_BIT_CONVERSION = YES;
				GCC_WARN_ABOUT_RETURN_TYPE = YES_ERROR;
				GCC_WARN_UNDECLARED_SELECTOR = YES;
				GCC_WARN_UNINITIALIZED_AUTOS = YES_AGGRESSIVE;
				GCC_WARN_UNUSED_FUNCTION = YES;
				GCC_WARN_UNUSED_VARIABLE = YES;
				IPHONEOS_DEPLOYMENT_TARGET = 15.0;
				MTL_ENABLE_DEBUG_INFO = NO;
				MTL_FAST_MATH = YES;
				SDKROOT = iphoneos;
				SWIFT_COMPILATION_MODE = wholemodule;
				SWIFT_OPTIMIZATION_LEVEL = "-O";
				VALIDATE_PRODUCT = YES;
			};
			name = Release;
		};
		C10E958626A8A242004CBEB8 /* Debug */ = {
			isa = XCBuildConfiguration;
			buildSettings = {
				ASSETCATALOG_COMPILER_APPICON_NAME = AppIcon;
				ASSETCATALOG_COMPILER_GLOBAL_ACCENT_COLOR_NAME = AccentColor;
				CODE_SIGN_STYLE = Automatic;
				CURRENT_PROJECT_VERSION = 1;
				DEVELOPMENT_ASSET_PATHS = "\"ACherishingHeart/Preview Content\"";
				DEVELOPMENT_TEAM = GA4L9A4FGA;
				ENABLE_PREVIEWS = YES;
				GENERATE_INFOPLIST_FILE = YES;
				INFOPLIST_KEY_UIApplicationSceneManifest_Generation = YES;
				INFOPLIST_KEY_UIApplicationSupportsIndirectInputEvents = YES;
				INFOPLIST_KEY_UILaunchScreen_Generation = YES;
				INFOPLIST_KEY_UISupportedInterfaceOrientations_iPad = "UIInterfaceOrientationPortrait UIInterfaceOrientationPortraitUpsideDown UIInterfaceOrientationLandscapeLeft UIInterfaceOrientationLandscapeRight";
				INFOPLIST_KEY_UISupportedInterfaceOrientations_iPhone = "UIInterfaceOrientationPortrait UIInterfaceOrientationLandscapeLeft UIInterfaceOrientationLandscapeRight";
				IPHONEOS_DEPLOYMENT_TARGET = 15.0;
				LD_RUNPATH_SEARCH_PATHS = (
					"$(inherited)",
					"@executable_path/Frameworks",
				);
				MARKETING_VERSION = 1.0;
				PRODUCT_BUNDLE_IDENTIFIER = com.storkebrothers.ACherishingHeart;
				PRODUCT_NAME = "$(TARGET_NAME)";
				SWIFT_EMIT_LOC_STRINGS = YES;
				SWIFT_VERSION = 5.0;
				TARGETED_DEVICE_FAMILY = "1,2";
			};
			name = Debug;
		};
		C10E958726A8A242004CBEB8 /* Release */ = {
			isa = XCBuildConfiguration;
			buildSettings = {
				ASSETCATALOG_COMPILER_APPICON_NAME = AppIcon;
				ASSETCATALOG_COMPILER_GLOBAL_ACCENT_COLOR_NAME = AccentColor;
				CODE_SIGN_STYLE = Automatic;
				CURRENT_PROJECT_VERSION = 1;
				DEVELOPMENT_ASSET_PATHS = "\"ACherishingHeart/Preview Content\"";
				DEVELOPMENT_TEAM = GA4L9A4FGA;
				ENABLE_PREVIEWS = YES;
				GENERATE_INFOPLIST_FILE = YES;
				INFOPLIST_KEY_UIApplicationSceneManifest_Generation = YES;
				INFOPLIST_KEY_UIApplicationSupportsIndirectInputEvents = YES;
				INFOPLIST_KEY_UILaunchScreen_Generation = YES;
				INFOPLIST_KEY_UISupportedInterfaceOrientations_iPad = "UIInterfaceOrientationPortrait UIInterfaceOrientationPortraitUpsideDown UIInterfaceOrientationLandscapeLeft UIInterfaceOrientationLandscapeRight";
				INFOPLIST_KEY_UISupportedInterfaceOrientations_iPhone = "UIInterfaceOrientationPortrait UIInterfaceOrientationLandscapeLeft UIInterfaceOrientationLandscapeRight";
				IPHONEOS_DEPLOYMENT_TARGET = 15.0;
				LD_RUNPATH_SEARCH_PATHS = (
					"$(inherited)",
					"@executable_path/Frameworks",
				);
				MARKETING_VERSION = 1.0;
				PRODUCT_BUNDLE_IDENTIFIER = com.storkebrothers.ACherishingHeart;
				PRODUCT_NAME = "$(TARGET_NAME)";
				SWIFT_EMIT_LOC_STRINGS = YES;
				SWIFT_VERSION = 5.0;
				TARGETED_DEVICE_FAMILY = "1,2";
			};
			name = Release;
		};
		C10E958926A8A242004CBEB8 /* Debug */ = {
			isa = XCBuildConfiguration;
			buildSettings = {
				ALWAYS_EMBED_SWIFT_STANDARD_LIBRARIES = YES;
				BUNDLE_LOADER = "$(TEST_HOST)";
				CODE_SIGN_STYLE = Automatic;
				CURRENT_PROJECT_VERSION = 1;
				DEVELOPMENT_TEAM = GA4L9A4FGA;
				GENERATE_INFOPLIST_FILE = YES;
				IPHONEOS_DEPLOYMENT_TARGET = 14.0;
				LD_RUNPATH_SEARCH_PATHS = (
					"$(inherited)",
					"@executable_path/Frameworks",
					"@loader_path/Frameworks",
				);
				MARKETING_VERSION = 1.0;
				PRODUCT_BUNDLE_IDENTIFIER = com.storkebrothers.ACherishingHeartTests;
				PRODUCT_NAME = "$(TARGET_NAME)";
				SWIFT_EMIT_LOC_STRINGS = NO;
				SWIFT_VERSION = 5.0;
				TARGETED_DEVICE_FAMILY = "1,2";
				TEST_HOST = "$(BUILT_PRODUCTS_DIR)/ACherishingHeart.app/ACherishingHeart";
			};
			name = Debug;
		};
		C10E958A26A8A242004CBEB8 /* Release */ = {
			isa = XCBuildConfiguration;
			buildSettings = {
				ALWAYS_EMBED_SWIFT_STANDARD_LIBRARIES = YES;
				BUNDLE_LOADER = "$(TEST_HOST)";
				CODE_SIGN_STYLE = Automatic;
				CURRENT_PROJECT_VERSION = 1;
				DEVELOPMENT_TEAM = GA4L9A4FGA;
				GENERATE_INFOPLIST_FILE = YES;
				IPHONEOS_DEPLOYMENT_TARGET = 14.0;
				LD_RUNPATH_SEARCH_PATHS = (
					"$(inherited)",
					"@executable_path/Frameworks",
					"@loader_path/Frameworks",
				);
				MARKETING_VERSION = 1.0;
				PRODUCT_BUNDLE_IDENTIFIER = com.storkebrothers.ACherishingHeartTests;
				PRODUCT_NAME = "$(TARGET_NAME)";
				SWIFT_EMIT_LOC_STRINGS = NO;
				SWIFT_VERSION = 5.0;
				TARGETED_DEVICE_FAMILY = "1,2";
				TEST_HOST = "$(BUILT_PRODUCTS_DIR)/ACherishingHeart.app/ACherishingHeart";
			};
			name = Release;
		};
		C10E958C26A8A242004CBEB8 /* Debug */ = {
			isa = XCBuildConfiguration;
			buildSettings = {
				ALWAYS_EMBED_SWIFT_STANDARD_LIBRARIES = YES;
				CODE_SIGN_STYLE = Automatic;
				CURRENT_PROJECT_VERSION = 1;
				DEVELOPMENT_TEAM = GA4L9A4FGA;
				GENERATE_INFOPLIST_FILE = YES;
				LD_RUNPATH_SEARCH_PATHS = (
					"$(inherited)",
					"@executable_path/Frameworks",
					"@loader_path/Frameworks",
				);
				MARKETING_VERSION = 1.0;
				PRODUCT_BUNDLE_IDENTIFIER = com.storkebrothers.ACherishingHeartUITests;
				PRODUCT_NAME = "$(TARGET_NAME)";
				SWIFT_EMIT_LOC_STRINGS = NO;
				SWIFT_VERSION = 5.0;
				TARGETED_DEVICE_FAMILY = "1,2";
				TEST_TARGET_NAME = ACherishingHeart;
			};
			name = Debug;
		};
		C10E958D26A8A242004CBEB8 /* Release */ = {
			isa = XCBuildConfiguration;
			buildSettings = {
				ALWAYS_EMBED_SWIFT_STANDARD_LIBRARIES = YES;
				CODE_SIGN_STYLE = Automatic;
				CURRENT_PROJECT_VERSION = 1;
				DEVELOPMENT_TEAM = GA4L9A4FGA;
				GENERATE_INFOPLIST_FILE = YES;
				LD_RUNPATH_SEARCH_PATHS = (
					"$(inherited)",
					"@executable_path/Frameworks",
					"@loader_path/Frameworks",
				);
				MARKETING_VERSION = 1.0;
				PRODUCT_BUNDLE_IDENTIFIER = com.storkebrothers.ACherishingHeartUITests;
				PRODUCT_NAME = "$(TARGET_NAME)";
				SWIFT_EMIT_LOC_STRINGS = NO;
				SWIFT_VERSION = 5.0;
				TARGETED_DEVICE_FAMILY = "1,2";
				TEST_TARGET_NAME = ACherishingHeart;
			};
			name = Release;
		};
/* End XCBuildConfiguration section */

/* Begin XCConfigurationList section */
		C10E955E26A8A242004CBEB8 /* Build configuration list for PBXProject "ACherishingHeart" */ = {
			isa = XCConfigurationList;
			buildConfigurations = (
				C10E958326A8A242004CBEB8 /* Debug */,
				C10E958426A8A242004CBEB8 /* Release */,
			);
			defaultConfigurationIsVisible = 0;
			defaultConfigurationName = Release;
		};
		C10E958526A8A242004CBEB8 /* Build configuration list for PBXNativeTarget "ACherishingHeart" */ = {
			isa = XCConfigurationList;
			buildConfigurations = (
				C10E958626A8A242004CBEB8 /* Debug */,
				C10E958726A8A242004CBEB8 /* Release */,
			);
			defaultConfigurationIsVisible = 0;
			defaultConfigurationName = Release;
		};
		C10E958826A8A242004CBEB8 /* Build configuration list for PBXNativeTarget "ACherishingHeartTests" */ = {
			isa = XCConfigurationList;
			buildConfigurations = (
				C10E958926A8A242004CBEB8 /* Debug */,
				C10E958A26A8A242004CBEB8 /* Release */,
			);
			defaultConfigurationIsVisible = 0;
			defaultConfigurationName = Release;
		};
		C10E958B26A8A242004CBEB8 /* Build configuration list for PBXNativeTarget "ACherishingHeartUITests" */ = {
			isa = XCConfigurationList;
			buildConfigurations = (
				C10E958C26A8A242004CBEB8 /* Debug */,
				C10E958D26A8A242004CBEB8 /* Release */,
			);
			defaultConfigurationIsVisible = 0;
			defaultConfigurationName = Release;
		};
/* End XCConfigurationList section */

/* Begin XCRemoteSwiftPackageReference section */
		C11F205726B0F9BA0042A6CE /* XCRemoteSwiftPackageReference "firebase-ios-sdk" */ = {
			isa = XCRemoteSwiftPackageReference;
			repositoryURL = "https://github.com/firebase/firebase-ios-sdk.git";
			requirement = {
				kind = upToNextMajorVersion;
				minimumVersion = 8.1.0;
			};
		};
/* End XCRemoteSwiftPackageReference section */

/* Begin XCSwiftPackageProductDependency section */
		C11F205826B0F9BA0042A6CE /* FirebaseAuth */ = {
			isa = XCSwiftPackageProductDependency;
			package = C11F205726B0F9BA0042A6CE /* XCRemoteSwiftPackageReference "firebase-ios-sdk" */;
			productName = FirebaseAuth;
		};
		C11F205A26B0F9BA0042A6CE /* FirebaseFirestore */ = {
			isa = XCSwiftPackageProductDependency;
			package = C11F205726B0F9BA0042A6CE /* XCRemoteSwiftPackageReference "firebase-ios-sdk" */;
			productName = FirebaseFirestore;
		};
		C11F205C26B0F9BA0042A6CE /* FirebaseFirestoreSwift-Beta */ = {
			isa = XCSwiftPackageProductDependency;
			package = C11F205726B0F9BA0042A6CE /* XCRemoteSwiftPackageReference "firebase-ios-sdk" */;
			productName = "FirebaseFirestoreSwift-Beta";
		};
		C11F205E26B0F9BA0042A6CE /* FirebaseStorage */ = {
			isa = XCSwiftPackageProductDependency;
			package = C11F205726B0F9BA0042A6CE /* XCRemoteSwiftPackageReference "firebase-ios-sdk" */;
			productName = FirebaseStorage;
		};
		C11F206026B0F9BA0042A6CE /* FirebaseStorageSwift-Beta */ = {
			isa = XCSwiftPackageProductDependency;
			package = C11F205726B0F9BA0042A6CE /* XCRemoteSwiftPackageReference "firebase-ios-sdk" */;
			productName = "FirebaseStorageSwift-Beta";
		};
/* End XCSwiftPackageProductDependency section */
	};
	rootObject = C10E955B26A8A242004CBEB8 /* Project object */;
}
